// !$*UTF8*$!
{
	archiveVersion = 1;
	classes = {
	};
	objectVersion = 46;
	objects = {

/* Begin PBXBuildFile section */
		A0CB8F3017BE0E5E0066C2B4 /* UIKit.framework in Frameworks */ = {isa = PBXBuildFile; fileRef = A0CB8F2F17BE0E5E0066C2B4 /* UIKit.framework */; };
		A0CB8F3217BE0E5E0066C2B4 /* Foundation.framework in Frameworks */ = {isa = PBXBuildFile; fileRef = A0CB8F3117BE0E5E0066C2B4 /* Foundation.framework */; };
		A0CB8F3417BE0E5E0066C2B4 /* CoreGraphics.framework in Frameworks */ = {isa = PBXBuildFile; fileRef = A0CB8F3317BE0E5E0066C2B4 /* CoreGraphics.framework */; };
		A0CB8F3A17BE0E5E0066C2B4 /* InfoPlist.strings in Resources */ = {isa = PBXBuildFile; fileRef = A0CB8F3817BE0E5E0066C2B4 /* InfoPlist.strings */; };
		A0CB8F3C17BE0E5E0066C2B4 /* main.m in Sources */ = {isa = PBXBuildFile; fileRef = A0CB8F3B17BE0E5E0066C2B4 /* main.m */; };
		A0CB8F4017BE0E5E0066C2B4 /* AppDelegate.m in Sources */ = {isa = PBXBuildFile; fileRef = A0CB8F3F17BE0E5E0066C2B4 /* AppDelegate.m */; };
		A0CB8F4217BE0E5E0066C2B4 /* Default.png in Resources */ = {isa = PBXBuildFile; fileRef = A0CB8F4117BE0E5E0066C2B4 /* Default.png */; };
		A0CB8F4417BE0E5E0066C2B4 /* Default@2x.png in Resources */ = {isa = PBXBuildFile; fileRef = A0CB8F4317BE0E5E0066C2B4 /* Default@2x.png */; };
		A0CB8F4617BE0E5E0066C2B4 /* Default-568h@2x.png in Resources */ = {isa = PBXBuildFile; fileRef = A0CB8F4517BE0E5E0066C2B4 /* Default-568h@2x.png */; };
		A0CB8F4917BE0E5E0066C2B4 /* MainStoryboard.storyboard in Resources */ = {isa = PBXBuildFile; fileRef = A0CB8F4717BE0E5E0066C2B4 /* MainStoryboard.storyboard */; };
		A0CB8F4C17BE0E5F0066C2B4 /* ViewController.m in Sources */ = {isa = PBXBuildFile; fileRef = A0CB8F4B17BE0E5F0066C2B4 /* ViewController.m */; };
		A0CB8F5417BE0E5F0066C2B4 /* SenTestingKit.framework in Frameworks */ = {isa = PBXBuildFile; fileRef = A0CB8F5317BE0E5F0066C2B4 /* SenTestingKit.framework */; };
		A0CB8F5517BE0E5F0066C2B4 /* UIKit.framework in Frameworks */ = {isa = PBXBuildFile; fileRef = A0CB8F2F17BE0E5E0066C2B4 /* UIKit.framework */; };
		A0CB8F5617BE0E5F0066C2B4 /* Foundation.framework in Frameworks */ = {isa = PBXBuildFile; fileRef = A0CB8F3117BE0E5E0066C2B4 /* Foundation.framework */; };
		A0CB8F5E17BE0E5F0066C2B4 /* InfoPlist.strings in Resources */ = {isa = PBXBuildFile; fileRef = A0CB8F5C17BE0E5F0066C2B4 /* InfoPlist.strings */; };
		A0CB8F6117BE0E5F0066C2B4 /* CodeJamGame1Tests.m in Sources */ = {isa = PBXBuildFile; fileRef = A0CB8F6017BE0E5F0066C2B4 /* CodeJamGame1Tests.m */; };
/* End PBXBuildFile section */

/* Begin PBXContainerItemProxy section */
		A0CB8F5717BE0E5F0066C2B4 /* PBXContainerItemProxy */ = {
			isa = PBXContainerItemProxy;
			containerPortal = A0CB8F2417BE0E5E0066C2B4 /* Project object */;
			proxyType = 1;
			remoteGlobalIDString = A0CB8F2B17BE0E5E0066C2B4;
			remoteInfo = CodeJamGame1;
		};
/* End PBXContainerItemProxy section */

/* Begin PBXFileReference section */
		A0CB8F2C17BE0E5E0066C2B4 /* CodeJamGame1.app */ = {isa = PBXFileReference; explicitFileType = wrapper.application; includeInIndex = 0; path = CodeJamGame1.app; sourceTree = BUILT_PRODUCTS_DIR; };
		A0CB8F2F17BE0E5E0066C2B4 /* UIKit.framework */ = {isa = PBXFileReference; lastKnownFileType = wrapper.framework; name = UIKit.framework; path = System/Library/Frameworks/UIKit.framework; sourceTree = SDKROOT; };
		A0CB8F3117BE0E5E0066C2B4 /* Foundation.framework */ = {isa = PBXFileReference; lastKnownFileType = wrapper.framework; name = Foundation.framework; path = System/Library/Frameworks/Foundation.framework; sourceTree = SDKROOT; };
		A0CB8F3317BE0E5E0066C2B4 /* CoreGraphics.framework */ = {isa = PBXFileReference; lastKnownFileType = wrapper.framework; name = CoreGraphics.framework; path = System/Library/Frameworks/CoreGraphics.framework; sourceTree = SDKROOT; };
		A0CB8F3717BE0E5E0066C2B4 /* CodeJamGame1-Info.plist */ = {isa = PBXFileReference; lastKnownFileType = text.plist.xml; path = "CodeJamGame1-Info.plist"; sourceTree = "<group>"; };
		A0CB8F3917BE0E5E0066C2B4 /* en */ = {isa = PBXFileReference; lastKnownFileType = text.plist.strings; name = en; path = en.lproj/InfoPlist.strings; sourceTree = "<group>"; };
		A0CB8F3B17BE0E5E0066C2B4 /* main.m */ = {isa = PBXFileReference; lastKnownFileType = sourcecode.c.objc; path = main.m; sourceTree = "<group>"; };
		A0CB8F3D17BE0E5E0066C2B4 /* CodeJamGame1-Prefix.pch */ = {isa = PBXFileReference; lastKnownFileType = sourcecode.c.h; path = "CodeJamGame1-Prefix.pch"; sourceTree = "<group>"; };
		A0CB8F3E17BE0E5E0066C2B4 /* AppDelegate.h */ = {isa = PBXFileReference; lastKnownFileType = sourcecode.c.h; path = AppDelegate.h; sourceTree = "<group>"; };
		A0CB8F3F17BE0E5E0066C2B4 /* AppDelegate.m */ = {isa = PBXFileReference; lastKnownFileType = sourcecode.c.objc; path = AppDelegate.m; sourceTree = "<group>"; };
		A0CB8F4117BE0E5E0066C2B4 /* Default.png */ = {isa = PBXFileReference; lastKnownFileType = image.png; path = Default.png; sourceTree = "<group>"; };
		A0CB8F4317BE0E5E0066C2B4 /* Default@2x.png */ = {isa = PBXFileReference; lastKnownFileType = image.png; path = "Default@2x.png"; sourceTree = "<group>"; };
		A0CB8F4517BE0E5E0066C2B4 /* Default-568h@2x.png */ = {isa = PBXFileReference; lastKnownFileType = image.png; path = "Default-568h@2x.png"; sourceTree = "<group>"; };
		A0CB8F4817BE0E5E0066C2B4 /* en */ = {isa = PBXFileReference; lastKnownFileType = file.storyboard; name = en; path = en.lproj/MainStoryboard.storyboard; sourceTree = "<group>"; };
		A0CB8F4A17BE0E5F0066C2B4 /* ViewController.h */ = {isa = PBXFileReference; lastKnownFileType = sourcecode.c.h; path = ViewController.h; sourceTree = "<group>"; };
		A0CB8F4B17BE0E5F0066C2B4 /* ViewController.m */ = {isa = PBXFileReference; lastKnownFileType = sourcecode.c.objc; path = ViewController.m; sourceTree = "<group>"; };
		A0CB8F5217BE0E5F0066C2B4 /* CodeJamGame1Tests.octest */ = {isa = PBXFileReference; explicitFileType = wrapper.cfbundle; includeInIndex = 0; path = CodeJamGame1Tests.octest; sourceTree = BUILT_PRODUCTS_DIR; };
		A0CB8F5317BE0E5F0066C2B4 /* SenTestingKit.framework */ = {isa = PBXFileReference; lastKnownFileType = wrapper.framework; name = SenTestingKit.framework; path = Library/Frameworks/SenTestingKit.framework; sourceTree = DEVELOPER_DIR; };
		A0CB8F5B17BE0E5F0066C2B4 /* CodeJamGame1Tests-Info.plist */ = {isa = PBXFileReference; lastKnownFileType = text.plist.xml; path = "CodeJamGame1Tests-Info.plist"; sourceTree = "<group>"; };
		A0CB8F5D17BE0E5F0066C2B4 /* en */ = {isa = PBXFileReference; lastKnownFileType = text.plist.strings; name = en; path = en.lproj/InfoPlist.strings; sourceTree = "<group>"; };
		A0CB8F5F17BE0E5F0066C2B4 /* CodeJamGame1Tests.h */ = {isa = PBXFileReference; lastKnownFileType = sourcecode.c.h; path = CodeJamGame1Tests.h; sourceTree = "<group>"; };
		A0CB8F6017BE0E5F0066C2B4 /* CodeJamGame1Tests.m */ = {isa = PBXFileReference; lastKnownFileType = sourcecode.c.objc; path = CodeJamGame1Tests.m; sourceTree = "<group>"; };
/* End PBXFileReference section */

/* Begin PBXFrameworksBuildPhase section */
		A0CB8F2917BE0E5E0066C2B4 /* Frameworks */ = {
			isa = PBXFrameworksBuildPhase;
			buildActionMask = 2147483647;
			files = (
				A0CB8F3017BE0E5E0066C2B4 /* UIKit.framework in Frameworks */,
				A0CB8F3217BE0E5E0066C2B4 /* Foundation.framework in Frameworks */,
				A0CB8F3417BE0E5E0066C2B4 /* CoreGraphics.framework in Frameworks */,
			);
			runOnlyForDeploymentPostprocessing = 0;
		};
		A0CB8F4E17BE0E5F0066C2B4 /* Frameworks */ = {
			isa = PBXFrameworksBuildPhase;
			buildActionMask = 2147483647;
			files = (
				A0CB8F5417BE0E5F0066C2B4 /* SenTestingKit.framework in Frameworks */,
				A0CB8F5517BE0E5F0066C2B4 /* UIKit.framework in Frameworks */,
				A0CB8F5617BE0E5F0066C2B4 /* Foundation.framework in Frameworks */,
			);
			runOnlyForDeploymentPostprocessing = 0;
		};
/* End PBXFrameworksBuildPhase section */

/* Begin PBXGroup section */
		A0CB8F2317BE0E5E0066C2B4 = {
			isa = PBXGroup;
			children = (
				A0CB8F3517BE0E5E0066C2B4 /* CodeJamGame1 */,
				A0CB8F5917BE0E5F0066C2B4 /* CodeJamGame1Tests */,
				A0CB8F2E17BE0E5E0066C2B4 /* Frameworks */,
				A0CB8F2D17BE0E5E0066C2B4 /* Products */,
			);
			sourceTree = "<group>";
		};
		A0CB8F2D17BE0E5E0066C2B4 /* Products */ = {
			isa = PBXGroup;
			children = (
				A0CB8F2C17BE0E5E0066C2B4 /* CodeJamGame1.app */,
				A0CB8F5217BE0E5F0066C2B4 /* CodeJamGame1Tests.octest */,
			);
			name = Products;
			sourceTree = "<group>";
		};
		A0CB8F2E17BE0E5E0066C2B4 /* Frameworks */ = {
			isa = PBXGroup;
			children = (
				A0CB8F2F17BE0E5E0066C2B4 /* UIKit.framework */,
				A0CB8F3117BE0E5E0066C2B4 /* Foundation.framework */,
				A0CB8F3317BE0E5E0066C2B4 /* CoreGraphics.framework */,
				A0CB8F5317BE0E5F0066C2B4 /* SenTestingKit.framework */,
			);
			name = Frameworks;
			sourceTree = "<group>";
		};
		A0CB8F3517BE0E5E0066C2B4 /* CodeJamGame1 */ = {
			isa = PBXGroup;
			children = (
				A0CB8F3E17BE0E5E0066C2B4 /* AppDelegate.h */,
				A0CB8F3F17BE0E5E0066C2B4 /* AppDelegate.m */,
				A0CB8F4717BE0E5E0066C2B4 /* MainStoryboard.storyboard */,
				A0CB8F4A17BE0E5F0066C2B4 /* ViewController.h */,
				A0CB8F4B17BE0E5F0066C2B4 /* ViewController.m */,
				A0CB8F3617BE0E5E0066C2B4 /* Supporting Files */,
			);
			path = CodeJamGame1;
			sourceTree = "<group>";
		};
		A0CB8F3617BE0E5E0066C2B4 /* Supporting Files */ = {
			isa = PBXGroup;
			children = (
				A0CB8F3717BE0E5E0066C2B4 /* CodeJamGame1-Info.plist */,
				A0CB8F3817BE0E5E0066C2B4 /* InfoPlist.strings */,
				A0CB8F3B17BE0E5E0066C2B4 /* main.m */,
				A0CB8F3D17BE0E5E0066C2B4 /* CodeJamGame1-Prefix.pch */,
				A0CB8F4117BE0E5E0066C2B4 /* Default.png */,
				A0CB8F4317BE0E5E0066C2B4 /* Default@2x.png */,
				A0CB8F4517BE0E5E0066C2B4 /* Default-568h@2x.png */,
			);
			name = "Supporting Files";
			sourceTree = "<group>";
		};
		A0CB8F5917BE0E5F0066C2B4 /* CodeJamGame1Tests */ = {
			isa = PBXGroup;
			children = (
				A0CB8F5F17BE0E5F0066C2B4 /* CodeJamGame1Tests.h */,
				A0CB8F6017BE0E5F0066C2B4 /* CodeJamGame1Tests.m */,
				A0CB8F5A17BE0E5F0066C2B4 /* Supporting Files */,
			);
			path = CodeJamGame1Tests;
			sourceTree = "<group>";
		};
		A0CB8F5A17BE0E5F0066C2B4 /* Supporting Files */ = {
			isa = PBXGroup;
			children = (
				A0CB8F5B17BE0E5F0066C2B4 /* CodeJamGame1Tests-Info.plist */,
				A0CB8F5C17BE0E5F0066C2B4 /* InfoPlist.strings */,
			);
			name = "Supporting Files";
			sourceTree = "<group>";
		};
/* End PBXGroup section */

/* Begin PBXNativeTarget section */
		A0CB8F2B17BE0E5E0066C2B4 /* CodeJamGame1 */ = {
			isa = PBXNativeTarget;
			buildConfigurationList = A0CB8F6417BE0E5F0066C2B4 /* Build configuration list for PBXNativeTarget "CodeJamGame1" */;
			buildPhases = (
				A0CB8F2817BE0E5E0066C2B4 /* Sources */,
				A0CB8F2917BE0E5E0066C2B4 /* Frameworks */,
				A0CB8F2A17BE0E5E0066C2B4 /* Resources */,
			);
			buildRules = (
			);
			dependencies = (
			);
			name = CodeJamGame1;
			productName = CodeJamGame1;
			productReference = A0CB8F2C17BE0E5E0066C2B4 /* CodeJamGame1.app */;
			productType = "com.apple.product-type.application";
		};
		A0CB8F5117BE0E5F0066C2B4 /* CodeJamGame1Tests */ = {
			isa = PBXNativeTarget;
			buildConfigurationList = A0CB8F6717BE0E5F0066C2B4 /* Build configuration list for PBXNativeTarget "CodeJamGame1Tests" */;
			buildPhases = (
				A0CB8F4D17BE0E5F0066C2B4 /* Sources */,
				A0CB8F4E17BE0E5F0066C2B4 /* Frameworks */,
				A0CB8F4F17BE0E5F0066C2B4 /* Resources */,
				A0CB8F5017BE0E5F0066C2B4 /* ShellScript */,
			);
			buildRules = (
			);
			dependencies = (
				A0CB8F5817BE0E5F0066C2B4 /* PBXTargetDependency */,
			);
			name = CodeJamGame1Tests;
			productName = CodeJamGame1Tests;
			productReference = A0CB8F5217BE0E5F0066C2B4 /* CodeJamGame1Tests.octest */;
			productType = "com.apple.product-type.bundle";
		};
/* End PBXNativeTarget section */

/* Begin PBXProject section */
		A0CB8F2417BE0E5E0066C2B4 /* Project object */ = {
			isa = PBXProject;
			attributes = {
				LastUpgradeCheck = 0460;
				ORGANIZATIONNAME = immedia;
			};
			buildConfigurationList = A0CB8F2717BE0E5E0066C2B4 /* Build configuration list for PBXProject "CodeJamGame1" */;
			compatibilityVersion = "Xcode 3.2";
			developmentRegion = English;
			hasScannedForEncodings = 0;
			knownRegions = (
				en,
			);
			mainGroup = A0CB8F2317BE0E5E0066C2B4;
			productRefGroup = A0CB8F2D17BE0E5E0066C2B4 /* Products */;
			projectDirPath = "";
			projectRoot = "";
			targets = (
				A0CB8F2B17BE0E5E0066C2B4 /* CodeJamGame1 */,
				A0CB8F5117BE0E5F0066C2B4 /* CodeJamGame1Tests */,
			);
		};
/* End PBXProject section */

/* Begin PBXResourcesBuildPhase section */
		A0CB8F2A17BE0E5E0066C2B4 /* Resources */ = {
			isa = PBXResourcesBuildPhase;
			buildActionMask = 2147483647;
			files = (
				A0CB8F3A17BE0E5E0066C2B4 /* InfoPlist.strings in Resources */,
				A0CB8F4217BE0E5E0066C2B4 /* Default.png in Resources */,
				A0CB8F4417BE0E5E0066C2B4 /* Default@2x.png in Resources */,
				A0CB8F4617BE0E5E0066C2B4 /* Default-568h@2x.png in Resources */,
				A0CB8F4917BE0E5E0066C2B4 /* MainStoryboard.storyboard in Resources */,
			);
			runOnlyForDeploymentPostprocessing = 0;
		};
		A0CB8F4F17BE0E5F0066C2B4 /* Resources */ = {
			isa = PBXResourcesBuildPhase;
			buildActionMask = 2147483647;
			files = (
				A0CB8F5E17BE0E5F0066C2B4 /* InfoPlist.strings in Resources */,
			);
			runOnlyForDeploymentPostprocessing = 0;
		};
/* End PBXResourcesBuildPhase section */

/* Begin PBXShellScriptBuildPhase section */
		A0CB8F5017BE0E5F0066C2B4 /* ShellScript */ = {
			isa = PBXShellScriptBuildPhase;
			buildActionMask = 2147483647;
			files = (
			);
			inputPaths = (
			);
			outputPaths = (
			);
			runOnlyForDeploymentPostprocessing = 0;
			shellPath = /bin/sh;
			shellScript = "# Run the unit tests in this test bundle.\n\"${SYSTEM_DEVELOPER_DIR}/Tools/RunUnitTests\"\n";
		};
/* End PBXShellScriptBuildPhase section */

/* Begin PBXSourcesBuildPhase section */
		A0CB8F2817BE0E5E0066C2B4 /* Sources */ = {
			isa = PBXSourcesBuildPhase;
			buildActionMask = 2147483647;
			files = (
				A0CB8F3C17BE0E5E0066C2B4 /* main.m in Sources */,
				A0CB8F4017BE0E5E0066C2B4 /* AppDelegate.m in Sources */,
				A0CB8F4C17BE0E5F0066C2B4 /* ViewController.m in Sources */,
			);
			runOnlyForDeploymentPostprocessing = 0;
		};
		A0CB8F4D17BE0E5F0066C2B4 /* Sources */ = {
			isa = PBXSourcesBuildPhase;
			buildActionMask = 2147483647;
			files = (
				A0CB8F6117BE0E5F0066C2B4 /* CodeJamGame1Tests.m in Sources */,
			);
			runOnlyForDeploymentPostprocessing = 0;
		};
/* End PBXSourcesBuildPhase section */

/* Begin PBXTargetDependency section */
		A0CB8F5817BE0E5F0066C2B4 /* PBXTargetDependency */ = {
			isa = PBXTargetDependency;
			target = A0CB8F2B17BE0E5E0066C2B4 /* CodeJamGame1 */;
			targetProxy = A0CB8F5717BE0E5F0066C2B4 /* PBXContainerItemProxy */;
		};
/* End PBXTargetDependency section */

/* Begin PBXVariantGroup section */
		A0CB8F3817BE0E5E0066C2B4 /* InfoPlist.strings */ = {
			isa = PBXVariantGroup;
			children = (
				A0CB8F3917BE0E5E0066C2B4 /* en */,
			);
			name = InfoPlist.strings;
			sourceTree = "<group>";
		};
		A0CB8F4717BE0E5E0066C2B4 /* MainStoryboard.storyboard */ = {
			isa = PBXVariantGroup;
			children = (
				A0CB8F4817BE0E5E0066C2B4 /* en */,
			);
			name = MainStoryboard.storyboard;
			sourceTree = "<group>";
		};
		A0CB8F5C17BE0E5F0066C2B4 /* InfoPlist.strings */ = {
			isa = PBXVariantGroup;
			children = (
				A0CB8F5D17BE0E5F0066C2B4 /* en */,
			);
			name = InfoPlist.strings;
			sourceTree = "<group>";
		};
/* End PBXVariantGroup section */

/* Begin XCBuildConfiguration section */
		A0CB8F6217BE0E5F0066C2B4 /* Debug */ = {
			isa = XCBuildConfiguration;
			buildSettings = {
				ALWAYS_SEARCH_USER_PATHS = NO;
				CLANG_CXX_LANGUAGE_STANDARD = "gnu++0x";
				CLANG_CXX_LIBRARY = "libc++";
				CLANG_ENABLE_OBJC_ARC = YES;
				CLANG_WARN_CONSTANT_CONVERSION = YES;
				CLANG_WARN_EMPTY_BODY = YES;
				CLANG_WARN_ENUM_CONVERSION = YES;
				CLANG_WARN_INT_CONVERSION = YES;
				CLANG_WARN__DUPLICATE_METHOD_MATCH = YES;
				"CODE_SIGN_IDENTITY[sdk=iphoneos*]" = "iPhone Developer";
				COPY_PHASE_STRIP = NO;
				GCC_C_LANGUAGE_STANDARD = gnu99;
				GCC_DYNAMIC_NO_PIC = NO;
				GCC_OPTIMIZATION_LEVEL = 0;
				GCC_PREPROCESSOR_DEFINITIONS = (
					"DEBUG=1",
					"$(inherited)",
				);
				GCC_SYMBOLS_PRIVATE_EXTERN = NO;
				GCC_WARN_ABOUT_RETURN_TYPE = YES;
				GCC_WARN_UNINITIALIZED_AUTOS = YES;
				GCC_WARN_UNUSED_VARIABLE = YES;
				IPHONEOS_DEPLOYMENT_TARGET = 6.1;
				ONLY_ACTIVE_ARCH = YES;
				SDKROOT = iphoneos;
			};
			name = Debug;
		};
		A0CB8F6317BE0E5F0066C2B4 /* Release */ = {
			isa = XCBuildConfiguration;
			buildSettings = {
				ALWAYS_SEARCH_USER_PATHS = NO;
				CLANG_CXX_LANGUAGE_STANDARD = "gnu++0x";
				CLANG_CXX_LIBRARY = "libc++";
				CLANG_ENABLE_OBJC_ARC = YES;
				CLANG_WARN_CONSTANT_CONVERSION = YES;
				CLANG_WARN_EMPTY_BODY = YES;
				CLANG_WARN_ENUM_CONVERSION = YES;
				CLANG_WARN_INT_CONVERSION = YES;
				CLANG_WARN__DUPLICATE_METHOD_MATCH = YES;
				"CODE_SIGN_IDENTITY[sdk=iphoneos*]" = "iPhone Developer";
				COPY_PHASE_STRIP = YES;
				GCC_C_LANGUAGE_STANDARD = gnu99;
				GCC_WARN_ABOUT_RETURN_TYPE = YES;
				GCC_WARN_UNINITIALIZED_AUTOS = YES;
				GCC_WARN_UNUSED_VARIABLE = YES;
				IPHONEOS_DEPLOYMENT_TARGET = 6.1;
				OTHER_CFLAGS = "-DNS_BLOCK_ASSERTIONS=1";
				SDKROOT = iphoneos;
				VALIDATE_PRODUCT = YES;
			};
			name = Release;
		};
		A0CB8F6517BE0E5F0066C2B4 /* Debug */ = {
			isa = XCBuildConfiguration;
			buildSettings = {
				GCC_PRECOMPILE_PREFIX_HEADER = YES;
				GCC_PREFIX_HEADER = "CodeJamGame1/CodeJamGame1-Prefix.pch";
				INFOPLIST_FILE = "CodeJamGame1/CodeJamGame1-Info.plist";
				PRODUCT_NAME = "$(TARGET_NAME)";
				WRAPPER_EXTENSION = app;
			};
			name = Debug;
		};
		A0CB8F6617BE0E5F0066C2B4 /* Release */ = {
			isa = XCBuildConfiguration;
			buildSettings = {
				GCC_PRECOMPILE_PREFIX_HEADER = YES;
				GCC_PREFIX_HEADER = "CodeJamGame1/CodeJamGame1-Prefix.pch";
				INFOPLIST_FILE = "CodeJamGame1/CodeJamGame1-Info.plist";
				PRODUCT_NAME = "$(TARGET_NAME)";
				WRAPPER_EXTENSION = app;
			};
			name = Release;
		};
		A0CB8F6817BE0E5F0066C2B4 /* Debug */ = {
			isa = XCBuildConfiguration;
			buildSettings = {
				BUNDLE_LOADER = "$(BUILT_PRODUCTS_DIR)/CodeJamGame1.app/CodeJamGame1";
				FRAMEWORK_SEARCH_PATHS = (
					"\"$(SDKROOT)/Developer/Library/Frameworks\"",
					"\"$(DEVELOPER_LIBRARY_DIR)/Frameworks\"",
				);
				GCC_PRECOMPILE_PREFIX_HEADER = YES;
				GCC_PREFIX_HEADER = "CodeJamGame1/CodeJamGame1-Prefix.pch";
				INFOPLIST_FILE = "CodeJamGame1Tests/CodeJamGame1Tests-Info.plist";
				PRODUCT_NAME = "$(TARGET_NAME)";
				TEST_HOST = "$(BUNDLE_LOADER)";
				WRAPPER_EXTENSION = octest;
			};
			name = Debug;
		};
		A0CB8F6917BE0E5F0066C2B4 /* Release */ = {
			isa = XCBuildConfiguration;
			buildSettings = {
				BUNDLE_LOADER = "$(BUILT_PRODUCTS_DIR)/CodeJamGame1.app/CodeJamGame1";
				FRAMEWORK_SEARCH_PATHS = (
					"\"$(SDKROOT)/Developer/Library/Frameworks\"",
					"\"$(DEVELOPER_LIBRARY_DIR)/Frameworks\"",
				);
				GCC_PRECOMPILE_PREFIX_HEADER = YES;
				GCC_PREFIX_HEADER = "CodeJamGame1/CodeJamGame1-Prefix.pch";
				INFOPLIST_FILE = "CodeJamGame1Tests/CodeJamGame1Tests-Info.plist";
				PRODUCT_NAME = "$(TARGET_NAME)";
				TEST_HOST = "$(BUNDLE_LOADER)";
				WRAPPER_EXTENSION = octest;
			};
			name = Release;
		};
/* End XCBuildConfiguration section */

/* Begin XCConfigurationList section */
		A0CB8F2717BE0E5E0066C2B4 /* Build configuration list for PBXProject "CodeJamGame1" */ = {
			isa = XCConfigurationList;
			buildConfigurations = (
				A0CB8F6217BE0E5F0066C2B4 /* Debug */,
				A0CB8F6317BE0E5F0066C2B4 /* Release */,
			);
			defaultConfigurationIsVisible = 0;
			defaultConfigurationName = Release;
		};
		A0CB8F6417BE0E5F0066C2B4 /* Build configuration list for PBXNativeTarget "CodeJamGame1" */ = {
			isa = XCConfigurationList;
			buildConfigurations = (
				A0CB8F6517BE0E5F0066C2B4 /* Debug */,
				A0CB8F6617BE0E5F0066C2B4 /* Release */,
			);
			defaultConfigurationIsVisible = 0;
		};
		A0CB8F6717BE0E5F0066C2B4 /* Build configuration list for PBXNativeTarget "CodeJamGame1Tests" */ = {
			isa = XCConfigurationList;
			buildConfigurations = (
				A0CB8F6817BE0E5F0066C2B4 /* Debug */,
				A0CB8F6917BE0E5F0066C2B4 /* Release */,
			);
			defaultConfigurationIsVisible = 0;
		};
/* End XCConfigurationList section */
	};
	rootObject = A0CB8F2417BE0E5E0066C2B4 /* Project object */;
}
